<?xml version="1.0" encoding="utf-8"?>
<Project ToolsVersion="4.0" xmlns="http://schemas.microsoft.com/developer/msbuild/2003">
  <ItemGroup>
    <Filter Include="Source Files">
      <UniqueIdentifier>{4FC737F1-C7A5-4376-A066-2A32D752A2FF}</UniqueIdentifier>
      <Extensions>cpp;c;cc;cxx;def;odl;idl;hpj;bat;asm;asmx</Extensions>
    </Filter>
    <Filter Include="Header Files">
      <UniqueIdentifier>{93995380-89BD-4b04-88EB-625FBE52EBFB}</UniqueIdentifier>
      <Extensions>h;hpp;hxx;hm;inl;inc;xsd</Extensions>
    </Filter>
    <Filter Include="Resource Files">
      <UniqueIdentifier>{67DA6AB6-F800-4c08-8B7A-83BB121AAD01}</UniqueIdentifier>
      <Extensions>rc;ico;cur;bmp;dlg;rc2;rct;bin;rgs;gif;jpg;jpeg;jpe;resx;tiff;tif;png;wav;mfcribbon-ms</Extensions>
    </Filter>
    <Filter Include="Helper">
      <UniqueIdentifier>{8b78240f-1361-4fe8-9efe-72aaf4db5871}</UniqueIdentifier>
    </Filter>
    <Filter Include="Helper\Header Files">
      <UniqueIdentifier>{8d8cde68-9a7d-4984-a1c1-cf31d3b9551a}</UniqueIdentifier>
    </Filter>
    <Filter Include="Helper\Source Files">
      <UniqueIdentifier>{8f0a5576-0a2b-430d-92c7-9d694df3f98d}</UniqueIdentifier>
    </Filter>
  </ItemGroup>
  <ItemGroup>
    <None Include="ReadMe.txt" />
    <None Include="ClassDiagram1.cd" />
  </ItemGroup>
  <ItemGroup>
    <ClInclude Include="stdafx.h">
      <Filter>Header Files</Filter>
    </ClInclude>
    <ClInclude Include="targetver.h">
      <Filter>Header Files</Filter>
    </ClInclude>
    <ClInclude Include="rover.h">
      <Filter>Header Files</Filter>
    </ClInclude>
    <ClInclude Include="plateau.h">
      <Filter>Header Files</Filter>
    </ClInclude>
    <ClInclude Include="commonheader.h">
      <Filter>Header Files</Filter>
    </ClInclude>
    <ClInclude Include="irover.h">
      <Filter>Header Files</Filter>
    </ClInclude>
    <ClInclude Include="roverhelper.h">
      <Filter>Helper\Header Files</Filter>
    </ClInclude>
    <ClInclude Include="marsroverexploration.h">
      <Filter>Header Files</Filter>
    </ClInclude>
  </ItemGroup>
  <ItemGroup>
    <ClCompile Include="stdafx.cpp">
      <Filter>Source Files</Filter>
    </ClCompile>
    <ClCompile Include="rover.cpp">
      <Filter>Source Files</Filter>
    </ClCompile>
    <ClCompile Include="plateau.cpp">
      <Filter>Source Files</Filter>
    </ClCompile>
    <ClCompile Include="marsrovers.cpp">
      <Filter>Source Files</Filter>
    </ClCompile>
    <ClCompile Include="roverhelper.cpp">
      <Filter>Helper\Source Files</Filter>
    </ClCompile>
    <ClCompile Include="marsroverexploration.cpp">
      <Filter>Source Files</Filter>
    </ClCompile>
  </ItemGroup>
</Project>